
Microsoft Visual Studio Solution File, Format Version 12.00
# Visual Studio Version 17
VisualStudioVersion = 17.9.34701.34
MinimumVisualStudioVersion = 10.0.40219.1
Project("{FAE04EC0-301F-11D3-BF4B-00C04F79EFBC}") = "OOP-Logistics", "OOP-Logistics\OOP-Logistics.csproj", "{C83005E4-7F80-4E81-9DEF-40649157E974}"
EndProject
Global
	GlobalSection(SolutionConfigurationPlatforms) = preSolution
		Debug|Any CPU = Debug|Any CPU
		Release|Any CPU = Release|Any CPU
	EndGlobalSection
	GlobalSection(ProjectConfigurationPlatforms) = postSolution
		{C83005E4-7F80-4E81-9DEF-40649157E974}.Debug|Any CPU.ActiveCfg = Debug|Any CPU
		{C83005E4-7F80-4E81-9DEF-40649157E974}.Debug|Any CPU.Build.0 = Debug|Any CPU
		{C83005E4-7F80-4E81-9DEF-40649157E974}.Release|Any CPU.ActiveCfg = Release|Any CPU
		{C83005E4-7F80-4E81-9DEF-40649157E974}.Release|Any CPU.Build.0 = Release|Any CPU
	EndGlobalSection
	GlobalSection(SolutionProperties) = preSolution
		HideSolutionNode = FALSE
	EndGlobalSection
	GlobalSection(ExtensibilityGlobals) = postSolution
		SolutionGuid = {7488C108-F4DC-4118-9CB9-613E8A121BC2}
	EndGlobalSection
EndGlobal
